
Microsoft Visual Studio Solution File, Format Version 11.00
# Visual Studio 2010
Project("{F184B08F-C81C-45F6-A57F-5ABD9991F28F}") = "Calendario1.1", "Calendario1.1\Calendario1.1.vbproj", "{4B4605D2-8A67-46D7-ACAE-C67FF8D20268}"
EndProject
Global
	GlobalSection(SolutionConfigurationPlatforms) = preSolution
		Debug|x86 = Debug|x86
		Release|x86 = Release|x86
	EndGlobalSection
	GlobalSection(ProjectConfigurationPlatforms) = postSolution
		{4B4605D2-8A67-46D7-ACAE-C67FF8D20268}.Debug|x86.ActiveCfg = Debug|x86
		{4B4605D2-8A67-46D7-ACAE-C67FF8D20268}.Debug|x86.Build.0 = Debug|x86
		{4B4605D2-8A67-46D7-ACAE-C67FF8D20268}.Release|x86.ActiveCfg = Release|x86
		{4B4605D2-8A67-46D7-ACAE-C67FF8D20268}.Release|x86.Build.0 = Release|x86
	EndGlobalSection
	GlobalSection(SolutionProperties) = preSolution
		HideSolutionNode = FALSE
	EndGlobalSection
EndGlobal
